{
  "object": {
    "pins": [
      {
        "package": "SDWebImage",
        "repositoryURL": "https://github.com/SDWebImage/SDWebImage.git",
        "state": {
          "branch": null,
          "revision": "76dd4b49110b8624317fc128e7fa0d8a252018bc",
          "version": "5.11.1"
        }
      },
      {
        "package": "SDWebImageSwiftUI",
        "repositoryURL": "https://github.com/SDWebImage/SDWebImageSwiftUI.git",
        "state": {
          "branch": null,
          "revision": "cd8625b7cf11a97698e180d28bb7d5d357196678",
          "version": "2.0.2"
        }
      },
      {
        "package": "SFSymbols",
        "repositoryURL": "https://github.com/hubrioAU/SFSymbols.git",
        "state": {
          "branch": null,
          "revision": "4111adf185a7a65a84bf10e76e45f52662d06d0a",
          "version": "0.9.5"
        }
      },
      {
        "package": "Sugar",
        "repositoryURL": "https://github.com/kerekesmarton/Sugar.git",
        "state": {
          "branch": "master",
          "revision": "8ef88c6c7883bec3bbb42435c5aeb320f2c9c5d1",
          "version": null
        }
      },
      {
        "package": "SwiftUIPager",
        "repositoryURL": "https://github.com/fermoya/SwiftUIPager.git",
        "state": {
          "branch": null,
          "revision": "fd375686c890aff55429b4da12a22dbacca08ae4",
          "version": "2.1.0"
        }
      }
    ]
  },
  "version": 1
}
